
Microsoft Visual Studio Solution File, Format Version 12.00
# Visual Studio Version 17
VisualStudioVersion = 17.8.34408.163
MinimumVisualStudioVersion = 10.0.40219.1
Project("{9A19103F-16F7-4668-BE54-9A1E7A4F7556}") = "Sportradar.Scoreboard", "Sportradar.Scoreboard\Sportradar.Scoreboard.csproj", "{C2DC5959-04DE-4ADC-9108-5A77C64E01B9}"
EndProject
Project("{FAE04EC0-301F-11D3-BF4B-00C04F79EFBC}") = "Sportradar.Scoreboard.Data", "Sportradar.Scoreboard.Data\Sportradar.Scoreboard.Data.csproj", "{1D06EB88-E103-494E-AFBB-27317D0A920E}"
EndProject
Project("{2150E333-8FDC-42A3-9474-1A3956D46DE8}") = "Tests", "Tests", "{4006403D-09B9-4DE1-9DEA-CE7AD98D9CFF}"
EndProject
Project("{FAE04EC0-301F-11D3-BF4B-00C04F79EFBC}") = "Sportradar.Scoreboard.Data.Tests", "Sportradar.Scoreboard.Data.Tests\Sportradar.Scoreboard.Data.Tests.csproj", "{B48BA401-E6C0-4394-B22F-42DC8E8C1F51}"
EndProject
Project("{FAE04EC0-301F-11D3-BF4B-00C04F79EFBC}") = "Sportradar.Scoreboard.Tests", "Sportradar.Scoreboard.Tests\Sportradar.Scoreboard.Tests.csproj", "{71ADED20-96DD-4F8F-93E3-862FABE0C83F}"
EndProject
Global
	GlobalSection(SolutionConfigurationPlatforms) = preSolution
		Debug|Any CPU = Debug|Any CPU
		Release|Any CPU = Release|Any CPU
	EndGlobalSection
	GlobalSection(ProjectConfigurationPlatforms) = postSolution
		{C2DC5959-04DE-4ADC-9108-5A77C64E01B9}.Debug|Any CPU.ActiveCfg = Debug|Any CPU
		{C2DC5959-04DE-4ADC-9108-5A77C64E01B9}.Debug|Any CPU.Build.0 = Debug|Any CPU
		{C2DC5959-04DE-4ADC-9108-5A77C64E01B9}.Release|Any CPU.ActiveCfg = Release|Any CPU
		{C2DC5959-04DE-4ADC-9108-5A77C64E01B9}.Release|Any CPU.Build.0 = Release|Any CPU
		{1D06EB88-E103-494E-AFBB-27317D0A920E}.Debug|Any CPU.ActiveCfg = Debug|Any CPU
		{1D06EB88-E103-494E-AFBB-27317D0A920E}.Debug|Any CPU.Build.0 = Debug|Any CPU
		{1D06EB88-E103-494E-AFBB-27317D0A920E}.Release|Any CPU.ActiveCfg = Release|Any CPU
		{1D06EB88-E103-494E-AFBB-27317D0A920E}.Release|Any CPU.Build.0 = Release|Any CPU
		{B48BA401-E6C0-4394-B22F-42DC8E8C1F51}.Debug|Any CPU.ActiveCfg = Debug|Any CPU
		{B48BA401-E6C0-4394-B22F-42DC8E8C1F51}.Debug|Any CPU.Build.0 = Debug|Any CPU
		{B48BA401-E6C0-4394-B22F-42DC8E8C1F51}.Release|Any CPU.ActiveCfg = Release|Any CPU
		{B48BA401-E6C0-4394-B22F-42DC8E8C1F51}.Release|Any CPU.Build.0 = Release|Any CPU
		{71ADED20-96DD-4F8F-93E3-862FABE0C83F}.Debug|Any CPU.ActiveCfg = Debug|Any CPU
		{71ADED20-96DD-4F8F-93E3-862FABE0C83F}.Debug|Any CPU.Build.0 = Debug|Any CPU
		{71ADED20-96DD-4F8F-93E3-862FABE0C83F}.Release|Any CPU.ActiveCfg = Release|Any CPU
		{71ADED20-96DD-4F8F-93E3-862FABE0C83F}.Release|Any CPU.Build.0 = Release|Any CPU
	EndGlobalSection
	GlobalSection(SolutionProperties) = preSolution
		HideSolutionNode = FALSE
	EndGlobalSection
	GlobalSection(NestedProjects) = preSolution
		{B48BA401-E6C0-4394-B22F-42DC8E8C1F51} = {4006403D-09B9-4DE1-9DEA-CE7AD98D9CFF}
		{71ADED20-96DD-4F8F-93E3-862FABE0C83F} = {4006403D-09B9-4DE1-9DEA-CE7AD98D9CFF}
	EndGlobalSection
	GlobalSection(ExtensibilityGlobals) = postSolution
		SolutionGuid = {F91115C4-47C4-454E-91BB-87BF2AAE8920}
	EndGlobalSection
EndGlobal
