
Microsoft Visual Studio Solution File, Format Version 12.00
# Visual Studio Version 17
VisualStudioVersion = 17.8.34408.163
MinimumVisualStudioVersion = 10.0.40219.1
Project("{FAE04EC0-301F-11D3-BF4B-00C04F79EFBC}") = "Sportradar.Scoreboard", "Sportradar.Scoreboard\Sportradar.Scoreboard.csproj", "{C2DC5959-04DE-4ADC-9108-5A77C64E01B9}"
EndProject
Global
	GlobalSection(SolutionConfigurationPlatforms) = preSolution
		Debug|Any CPU = Debug|Any CPU
		Release|Any CPU = Release|Any CPU
	EndGlobalSection
	GlobalSection(ProjectConfigurationPlatforms) = postSolution
		{C2DC5959-04DE-4ADC-9108-5A77C64E01B9}.Debug|Any CPU.ActiveCfg = Debug|Any CPU
		{C2DC5959-04DE-4ADC-9108-5A77C64E01B9}.Debug|Any CPU.Build.0 = Debug|Any CPU
		{C2DC5959-04DE-4ADC-9108-5A77C64E01B9}.Release|Any CPU.ActiveCfg = Release|Any CPU
		{C2DC5959-04DE-4ADC-9108-5A77C64E01B9}.Release|Any CPU.Build.0 = Release|Any CPU
	EndGlobalSection
	GlobalSection(SolutionProperties) = preSolution
		HideSolutionNode = FALSE
	EndGlobalSection
	GlobalSection(ExtensibilityGlobals) = postSolution
		SolutionGuid = {F91115C4-47C4-454E-91BB-87BF2AAE8920}
	EndGlobalSection
EndGlobal
